// !$*UTF8*$!
{
	archiveVersion = 1;
	classes = {
	};
	objectVersion = 46;
	objects = {

/* Begin PBXBuildFile section */
		225C9C471CCF9AF000A8E0DD /* badges.plist in Resources */ = {isa = PBXBuildFile; fileRef = 225C9C461CCF9AF000A8E0DD /* badges.plist */; };
		22A027091CC662910042073D /* Main.storyboard in Resources */ = {isa = PBXBuildFile; fileRef = 22A100831CC4E44100D93B20 /* Main.storyboard */; };
		22A1007C1CC4E44100D93B20 /* main.m in Sources */ = {isa = PBXBuildFile; fileRef = 22A1007B1CC4E44100D93B20 /* main.m */; };
		22A1007F1CC4E44100D93B20 /* AppDelegate.m in Sources */ = {isa = PBXBuildFile; fileRef = 22A1007E1CC4E44100D93B20 /* AppDelegate.m */; };
		22A100821CC4E44100D93B20 /* ViewController.m in Sources */ = {isa = PBXBuildFile; fileRef = 22A100811CC4E44100D93B20 /* ViewController.m */; };
		22A100881CC4E44100D93B20 /* NJUAvatar.xcdatamodeld in Sources */ = {isa = PBXBuildFile; fileRef = 22A100861CC4E44100D93B20 /* NJUAvatar.xcdatamodeld */; };
		22A1008A1CC4E44100D93B20 /* Assets.xcassets in Resources */ = {isa = PBXBuildFile; fileRef = 22A100891CC4E44100D93B20 /* Assets.xcassets */; };
		22A1008D1CC4E44100D93B20 /* LaunchScreen.storyboard in Resources */ = {isa = PBXBuildFile; fileRef = 22A1008B1CC4E44100D93B20 /* LaunchScreen.storyboard */; };
		22A100981CC4E44100D93B20 /* NJUAvatarTests.m in Sources */ = {isa = PBXBuildFile; fileRef = 22A100971CC4E44100D93B20 /* NJUAvatarTests.m */; };
		22A100A31CC4E44100D93B20 /* NJUAvatarUITests.m in Sources */ = {isa = PBXBuildFile; fileRef = 22A100A21CC4E44100D93B20 /* NJUAvatarUITests.m */; };
		22A100B21CC5277200D93B20 /* NJUBadgeViewController.m in Sources */ = {isa = PBXBuildFile; fileRef = 22A100B11CC5277100D93B20 /* NJUBadgeViewController.m */; };
		22A100B51CC5D9FA00D93B20 /* NJUAvatarViewController.m in Sources */ = {isa = PBXBuildFile; fileRef = 22A100B41CC5D9FA00D93B20 /* NJUAvatarViewController.m */; };
		22FDA1641CCFA03A00340EF5 /* NJUBadgeTableViewController.m in Sources */ = {isa = PBXBuildFile; fileRef = 22FDA1631CCFA03A00340EF5 /* NJUBadgeTableViewController.m */; };
		22FDA1671CCFA14600340EF5 /* NJUBadgeTableViewCell.m in Sources */ = {isa = PBXBuildFile; fileRef = 22FDA1661CCFA14600340EF5 /* NJUBadgeTableViewCell.m */; };
		22FDA16A1CCFC3DD00340EF5 /* NJUBadge.m in Sources */ = {isa = PBXBuildFile; fileRef = 22FDA1691CCFC3DD00340EF5 /* NJUBadge.m */; };
		22FDA16D1CD0991000340EF5 /* NJUAvatarUserDefaults.m in Sources */ = {isa = PBXBuildFile; fileRef = 22FDA16C1CD0991000340EF5 /* NJUAvatarUserDefaults.m */; };
		5CF8807E4554137F4A0D902B /* libPods.a in Frameworks */ = {isa = PBXBuildFile; fileRef = 80298748B7D918C9B658F9F3 /* libPods.a */; };
/* End PBXBuildFile section */

/* Begin PBXContainerItemProxy section */
		22A100941CC4E44100D93B20 /* PBXContainerItemProxy */ = {
			isa = PBXContainerItemProxy;
			containerPortal = 22A1006F1CC4E44100D93B20 /* Project object */;
			proxyType = 1;
			remoteGlobalIDString = 22A100761CC4E44100D93B20;
			remoteInfo = NJUAvatar;
		};
		22A1009F1CC4E44100D93B20 /* PBXContainerItemProxy */ = {
			isa = PBXContainerItemProxy;
			containerPortal = 22A1006F1CC4E44100D93B20 /* Project object */;
			proxyType = 1;
			remoteGlobalIDString = 22A100761CC4E44100D93B20;
			remoteInfo = NJUAvatar;
		};
/* End PBXContainerItemProxy section */

/* Begin PBXFileReference section */
		225C9C461CCF9AF000A8E0DD /* badges.plist */ = {isa = PBXFileReference; fileEncoding = 4; lastKnownFileType = text.plist.xml; path = badges.plist; sourceTree = "<group>"; };
		22A100771CC4E44100D93B20 /* NJUAvatar.app */ = {isa = PBXFileReference; explicitFileType = wrapper.application; includeInIndex = 0; path = NJUAvatar.app; sourceTree = BUILT_PRODUCTS_DIR; };
		22A1007B1CC4E44100D93B20 /* main.m */ = {isa = PBXFileReference; lastKnownFileType = sourcecode.c.objc; path = main.m; sourceTree = "<group>"; };
		22A1007D1CC4E44100D93B20 /* AppDelegate.h */ = {isa = PBXFileReference; lastKnownFileType = sourcecode.c.h; path = AppDelegate.h; sourceTree = "<group>"; };
		22A1007E1CC4E44100D93B20 /* AppDelegate.m */ = {isa = PBXFileReference; lastKnownFileType = sourcecode.c.objc; path = AppDelegate.m; sourceTree = "<group>"; };
		22A100801CC4E44100D93B20 /* ViewController.h */ = {isa = PBXFileReference; lastKnownFileType = sourcecode.c.h; path = ViewController.h; sourceTree = "<group>"; };
		22A100811CC4E44100D93B20 /* ViewController.m */ = {isa = PBXFileReference; lastKnownFileType = sourcecode.c.objc; path = ViewController.m; sourceTree = "<group>"; };
		22A100841CC4E44100D93B20 /* Base */ = {isa = PBXFileReference; lastKnownFileType = file.storyboard; name = Base; path = Base.lproj/Main.storyboard; sourceTree = "<group>"; };
		22A100871CC4E44100D93B20 /* NJUAvatar.xcdatamodel */ = {isa = PBXFileReference; lastKnownFileType = wrapper.xcdatamodel; path = NJUAvatar.xcdatamodel; sourceTree = "<group>"; };
		22A100891CC4E44100D93B20 /* Assets.xcassets */ = {isa = PBXFileReference; lastKnownFileType = folder.assetcatalog; path = Assets.xcassets; sourceTree = "<group>"; };
		22A1008C1CC4E44100D93B20 /* Base */ = {isa = PBXFileReference; lastKnownFileType = file.storyboard; name = Base; path = Base.lproj/LaunchScreen.storyboard; sourceTree = "<group>"; };
		22A1008E1CC4E44100D93B20 /* Info.plist */ = {isa = PBXFileReference; lastKnownFileType = text.plist.xml; path = Info.plist; sourceTree = "<group>"; };
		22A100931CC4E44100D93B20 /* NJUAvatarTests.xctest */ = {isa = PBXFileReference; explicitFileType = wrapper.cfbundle; includeInIndex = 0; path = NJUAvatarTests.xctest; sourceTree = BUILT_PRODUCTS_DIR; };
		22A100971CC4E44100D93B20 /* NJUAvatarTests.m */ = {isa = PBXFileReference; lastKnownFileType = sourcecode.c.objc; path = NJUAvatarTests.m; sourceTree = "<group>"; };
		22A100991CC4E44100D93B20 /* Info.plist */ = {isa = PBXFileReference; lastKnownFileType = text.plist.xml; path = Info.plist; sourceTree = "<group>"; };
		22A1009E1CC4E44100D93B20 /* NJUAvatarUITests.xctest */ = {isa = PBXFileReference; explicitFileType = wrapper.cfbundle; includeInIndex = 0; path = NJUAvatarUITests.xctest; sourceTree = BUILT_PRODUCTS_DIR; };
		22A100A21CC4E44100D93B20 /* NJUAvatarUITests.m */ = {isa = PBXFileReference; lastKnownFileType = sourcecode.c.objc; path = NJUAvatarUITests.m; sourceTree = "<group>"; };
		22A100A41CC4E44100D93B20 /* Info.plist */ = {isa = PBXFileReference; lastKnownFileType = text.plist.xml; path = Info.plist; sourceTree = "<group>"; };
		22A100B01CC5277100D93B20 /* NJUBadgeViewController.h */ = {isa = PBXFileReference; fileEncoding = 4; lastKnownFileType = sourcecode.c.h; path = NJUBadgeViewController.h; sourceTree = "<group>"; };
		22A100B11CC5277100D93B20 /* NJUBadgeViewController.m */ = {isa = PBXFileReference; fileEncoding = 4; lastKnownFileType = sourcecode.c.objc; path = NJUBadgeViewController.m; sourceTree = "<group>"; };
		22A100B31CC5D9FA00D93B20 /* NJUAvatarViewController.h */ = {isa = PBXFileReference; fileEncoding = 4; lastKnownFileType = sourcecode.c.h; path = NJUAvatarViewController.h; sourceTree = "<group>"; };
		22A100B41CC5D9FA00D93B20 /* NJUAvatarViewController.m */ = {isa = PBXFileReference; fileEncoding = 4; lastKnownFileType = sourcecode.c.objc; path = NJUAvatarViewController.m; sourceTree = "<group>"; };
		22FDA1621CCFA03A00340EF5 /* NJUBadgeTableViewController.h */ = {isa = PBXFileReference; fileEncoding = 4; lastKnownFileType = sourcecode.c.h; path = NJUBadgeTableViewController.h; sourceTree = "<group>"; };
		22FDA1631CCFA03A00340EF5 /* NJUBadgeTableViewController.m */ = {isa = PBXFileReference; fileEncoding = 4; lastKnownFileType = sourcecode.c.objc; path = NJUBadgeTableViewController.m; sourceTree = "<group>"; };
		22FDA1651CCFA14600340EF5 /* NJUBadgeTableViewCell.h */ = {isa = PBXFileReference; fileEncoding = 4; lastKnownFileType = sourcecode.c.h; path = NJUBadgeTableViewCell.h; sourceTree = "<group>"; };
		22FDA1661CCFA14600340EF5 /* NJUBadgeTableViewCell.m */ = {isa = PBXFileReference; fileEncoding = 4; lastKnownFileType = sourcecode.c.objc; path = NJUBadgeTableViewCell.m; sourceTree = "<group>"; };
		22FDA1681CCFC3DD00340EF5 /* NJUBadge.h */ = {isa = PBXFileReference; fileEncoding = 4; lastKnownFileType = sourcecode.c.h; path = NJUBadge.h; sourceTree = "<group>"; };
		22FDA1691CCFC3DD00340EF5 /* NJUBadge.m */ = {isa = PBXFileReference; fileEncoding = 4; lastKnownFileType = sourcecode.c.objc; path = NJUBadge.m; sourceTree = "<group>"; };
		22FDA16B1CD0991000340EF5 /* NJUAvatarUserDefaults.h */ = {isa = PBXFileReference; fileEncoding = 4; lastKnownFileType = sourcecode.c.h; path = NJUAvatarUserDefaults.h; sourceTree = "<group>"; };
		22FDA16C1CD0991000340EF5 /* NJUAvatarUserDefaults.m */ = {isa = PBXFileReference; fileEncoding = 4; lastKnownFileType = sourcecode.c.objc; path = NJUAvatarUserDefaults.m; sourceTree = "<group>"; };
		6E79B8448FA7C5FBAB3E1D1E /* Pods.release.xcconfig */ = {isa = PBXFileReference; includeInIndex = 1; lastKnownFileType = text.xcconfig; name = Pods.release.xcconfig; path = "Pods/Target Support Files/Pods/Pods.release.xcconfig"; sourceTree = "<group>"; };
		80298748B7D918C9B658F9F3 /* libPods.a */ = {isa = PBXFileReference; explicitFileType = archive.ar; includeInIndex = 0; path = libPods.a; sourceTree = BUILT_PRODUCTS_DIR; };
		AD0B1997B3DD9EAA2CA61B7F /* Pods.debug.xcconfig */ = {isa = PBXFileReference; includeInIndex = 1; lastKnownFileType = text.xcconfig; name = Pods.debug.xcconfig; path = "Pods/Target Support Files/Pods/Pods.debug.xcconfig"; sourceTree = "<group>"; };
/* End PBXFileReference section */

/* Begin PBXFrameworksBuildPhase section */
		22A100741CC4E44100D93B20 /* Frameworks */ = {
			isa = PBXFrameworksBuildPhase;
			buildActionMask = 2147483647;
			files = (
				5CF8807E4554137F4A0D902B /* libPods.a in Frameworks */,
			);
			runOnlyForDeploymentPostprocessing = 0;
		};
		22A100901CC4E44100D93B20 /* Frameworks */ = {
			isa = PBXFrameworksBuildPhase;
			buildActionMask = 2147483647;
			files = (
			);
			runOnlyForDeploymentPostprocessing = 0;
		};
		22A1009B1CC4E44100D93B20 /* Frameworks */ = {
			isa = PBXFrameworksBuildPhase;
			buildActionMask = 2147483647;
			files = (
			);
			runOnlyForDeploymentPostprocessing = 0;
		};
/* End PBXFrameworksBuildPhase section */

/* Begin PBXGroup section */
		22A1006E1CC4E44100D93B20 = {
			isa = PBXGroup;
			children = (
				22A100791CC4E44100D93B20 /* NJUAvatar */,
				22A100961CC4E44100D93B20 /* NJUAvatarTests */,
				22A100A11CC4E44100D93B20 /* NJUAvatarUITests */,
				22A100781CC4E44100D93B20 /* Products */,
				F5800447759E42A661139784 /* Pods */,
				9E578FD166B8B0650B3280BF /* Frameworks */,
			);
			sourceTree = "<group>";
		};
		22A100781CC4E44100D93B20 /* Products */ = {
			isa = PBXGroup;
			children = (
				22A100771CC4E44100D93B20 /* NJUAvatar.app */,
				22A100931CC4E44100D93B20 /* NJUAvatarTests.xctest */,
				22A1009E1CC4E44100D93B20 /* NJUAvatarUITests.xctest */,
			);
			name = Products;
			sourceTree = "<group>";
		};
		22A100791CC4E44100D93B20 /* NJUAvatar */ = {
			isa = PBXGroup;
			children = (
				22A1007D1CC4E44100D93B20 /* AppDelegate.h */,
				22A1007E1CC4E44100D93B20 /* AppDelegate.m */,
				22A100801CC4E44100D93B20 /* ViewController.h */,
				22A100811CC4E44100D93B20 /* ViewController.m */,
				22A100831CC4E44100D93B20 /* Main.storyboard */,
				22A100891CC4E44100D93B20 /* Assets.xcassets */,
				22A1008B1CC4E44100D93B20 /* LaunchScreen.storyboard */,
				22A1008E1CC4E44100D93B20 /* Info.plist */,
				22A100861CC4E44100D93B20 /* NJUAvatar.xcdatamodeld */,
				22A1007A1CC4E44100D93B20 /* Supporting Files */,
				22A100B01CC5277100D93B20 /* NJUBadgeViewController.h */,
				22A100B11CC5277100D93B20 /* NJUBadgeViewController.m */,
				22A100B31CC5D9FA00D93B20 /* NJUAvatarViewController.h */,
				22A100B41CC5D9FA00D93B20 /* NJUAvatarViewController.m */,
				225C9C461CCF9AF000A8E0DD /* badges.plist */,
				22FDA1621CCFA03A00340EF5 /* NJUBadgeTableViewController.h */,
				22FDA1631CCFA03A00340EF5 /* NJUBadgeTableViewController.m */,
				22FDA1651CCFA14600340EF5 /* NJUBadgeTableViewCell.h */,
				22FDA1661CCFA14600340EF5 /* NJUBadgeTableViewCell.m */,
				22FDA1681CCFC3DD00340EF5 /* NJUBadge.h */,
				22FDA1691CCFC3DD00340EF5 /* NJUBadge.m */,
				22FDA16B1CD0991000340EF5 /* NJUAvatarUserDefaults.h */,
				22FDA16C1CD0991000340EF5 /* NJUAvatarUserDefaults.m */,
			);
			path = NJUAvatar;
			sourceTree = "<group>";
		};
		22A1007A1CC4E44100D93B20 /* Supporting Files */ = {
			isa = PBXGroup;
			children = (
				22A1007B1CC4E44100D93B20 /* main.m */,
			);
			name = "Supporting Files";
			sourceTree = "<group>";
		};
		22A100961CC4E44100D93B20 /* NJUAvatarTests */ = {
			isa = PBXGroup;
			children = (
				22A100971CC4E44100D93B20 /* NJUAvatarTests.m */,
				22A100991CC4E44100D93B20 /* Info.plist */,
			);
			path = NJUAvatarTests;
			sourceTree = "<group>";
		};
		22A100A11CC4E44100D93B20 /* NJUAvatarUITests */ = {
			isa = PBXGroup;
			children = (
				22A100A21CC4E44100D93B20 /* NJUAvatarUITests.m */,
				22A100A41CC4E44100D93B20 /* Info.plist */,
			);
			path = NJUAvatarUITests;
			sourceTree = "<group>";
		};
		9E578FD166B8B0650B3280BF /* Frameworks */ = {
			isa = PBXGroup;
			children = (
				80298748B7D918C9B658F9F3 /* libPods.a */,
			);
			name = Frameworks;
			sourceTree = "<group>";
		};
		F5800447759E42A661139784 /* Pods */ = {
			isa = PBXGroup;
			children = (
				AD0B1997B3DD9EAA2CA61B7F /* Pods.debug.xcconfig */,
				6E79B8448FA7C5FBAB3E1D1E /* Pods.release.xcconfig */,
			);
			name = Pods;
			sourceTree = "<group>";
		};
/* End PBXGroup section */

/* Begin PBXNativeTarget section */
		22A100761CC4E44100D93B20 /* NJUAvatar */ = {
			isa = PBXNativeTarget;
			buildConfigurationList = 22A100A71CC4E44100D93B20 /* Build configuration list for PBXNativeTarget "NJUAvatar" */;
			buildPhases = (
				FA236E70A17BFDB1342199D9 /* Check Pods Manifest.lock */,
				22A100731CC4E44100D93B20 /* Sources */,
				22A100741CC4E44100D93B20 /* Frameworks */,
				22A100751CC4E44100D93B20 /* Resources */,
				299CC975F2C090867488B66F /* Embed Pods Frameworks */,
				C4A253115A18D17F8426D1C7 /* Copy Pods Resources */,
			);
			buildRules = (
			);
			dependencies = (
			);
			name = NJUAvatar;
			productName = NJUAvatar;
			productReference = 22A100771CC4E44100D93B20 /* NJUAvatar.app */;
			productType = "com.apple.product-type.application";
		};
		22A100921CC4E44100D93B20 /* NJUAvatarTests */ = {
			isa = PBXNativeTarget;
			buildConfigurationList = 22A100AA1CC4E44100D93B20 /* Build configuration list for PBXNativeTarget "NJUAvatarTests" */;
			buildPhases = (
				22A1008F1CC4E44100D93B20 /* Sources */,
				22A100901CC4E44100D93B20 /* Frameworks */,
				22A100911CC4E44100D93B20 /* Resources */,
			);
			buildRules = (
			);
			dependencies = (
				22A100951CC4E44100D93B20 /* PBXTargetDependency */,
			);
			name = NJUAvatarTests;
			productName = NJUAvatarTests;
			productReference = 22A100931CC4E44100D93B20 /* NJUAvatarTests.xctest */;
			productType = "com.apple.product-type.bundle.unit-test";
		};
		22A1009D1CC4E44100D93B20 /* NJUAvatarUITests */ = {
			isa = PBXNativeTarget;
			buildConfigurationList = 22A100AD1CC4E44100D93B20 /* Build configuration list for PBXNativeTarget "NJUAvatarUITests" */;
			buildPhases = (
				22A1009A1CC4E44100D93B20 /* Sources */,
				22A1009B1CC4E44100D93B20 /* Frameworks */,
				22A1009C1CC4E44100D93B20 /* Resources */,
			);
			buildRules = (
			);
			dependencies = (
				22A100A01CC4E44100D93B20 /* PBXTargetDependency */,
			);
			name = NJUAvatarUITests;
			productName = NJUAvatarUITests;
			productReference = 22A1009E1CC4E44100D93B20 /* NJUAvatarUITests.xctest */;
			productType = "com.apple.product-type.bundle.ui-testing";
		};
/* End PBXNativeTarget section */

/* Begin PBXProject section */
		22A1006F1CC4E44100D93B20 /* Project object */ = {
			isa = PBXProject;
			attributes = {
				LastUpgradeCheck = 0720;
				ORGANIZATIONNAME = tanli;
				TargetAttributes = {
					22A100761CC4E44100D93B20 = {
						CreatedOnToolsVersion = 7.2.1;
						DevelopmentTeam = P59WSC4RGL;
					};
					22A100921CC4E44100D93B20 = {
						CreatedOnToolsVersion = 7.2.1;
						DevelopmentTeam = P59WSC4RGL;
						TestTargetID = 22A100761CC4E44100D93B20;
					};
					22A1009D1CC4E44100D93B20 = {
						CreatedOnToolsVersion = 7.2.1;
						DevelopmentTeam = P59WSC4RGL;
						TestTargetID = 22A100761CC4E44100D93B20;
					};
				};
			};
			buildConfigurationList = 22A100721CC4E44100D93B20 /* Build configuration list for PBXProject "NJUAvatar" */;
			compatibilityVersion = "Xcode 3.2";
			developmentRegion = English;
			hasScannedForEncodings = 0;
			knownRegions = (
				en,
				Base,
			);
			mainGroup = 22A1006E1CC4E44100D93B20;
			productRefGroup = 22A100781CC4E44100D93B20 /* Products */;
			projectDirPath = "";
			projectRoot = "";
			targets = (
				22A100761CC4E44100D93B20 /* NJUAvatar */,
				22A100921CC4E44100D93B20 /* NJUAvatarTests */,
				22A1009D1CC4E44100D93B20 /* NJUAvatarUITests */,
			);
		};
/* End PBXProject section */

/* Begin PBXResourcesBuildPhase section */
		22A100751CC4E44100D93B20 /* Resources */ = {
			isa = PBXResourcesBuildPhase;
			buildActionMask = 2147483647;
			files = (
				225C9C471CCF9AF000A8E0DD /* badges.plist in Resources */,
				22A027091CC662910042073D /* Main.storyboard in Resources */,
				22A1008D1CC4E44100D93B20 /* LaunchScreen.storyboard in Resources */,
				22A1008A1CC4E44100D93B20 /* Assets.xcassets in Resources */,
			);
			runOnlyForDeploymentPostprocessing = 0;
		};
		22A100911CC4E44100D93B20 /* Resources */ = {
			isa = PBXResourcesBuildPhase;
			buildActionMask = 2147483647;
			files = (
			);
			runOnlyForDeploymentPostprocessing = 0;
		};
		22A1009C1CC4E44100D93B20 /* Resources */ = {
			isa = PBXResourcesBuildPhase;
			buildActionMask = 2147483647;
			files = (
			);
			runOnlyForDeploymentPostprocessing = 0;
		};
/* End PBXResourcesBuildPhase section */

/* Begin PBXShellScriptBuildPhase section */
		299CC975F2C090867488B66F /* Embed Pods Frameworks */ = {
			isa = PBXShellScriptBuildPhase;
			buildActionMask = 2147483647;
			files = (
			);
			inputPaths = (
			);
			name = "Embed Pods Frameworks";
			outputPaths = (
			);
			runOnlyForDeploymentPostprocessing = 0;
			shellPath = /bin/sh;
			shellScript = "\"${SRCROOT}/Pods/Target Support Files/Pods/Pods-frameworks.sh\"\n";
			showEnvVarsInLog = 0;
		};
		C4A253115A18D17F8426D1C7 /* Copy Pods Resources */ = {
			isa = PBXShellScriptBuildPhase;
			buildActionMask = 2147483647;
			files = (
			);
			inputPaths = (
			);
			name = "Copy Pods Resources";
			outputPaths = (
			);
			runOnlyForDeploymentPostprocessing = 0;
			shellPath = /bin/sh;
			shellScript = "\"${SRCROOT}/Pods/Target Support Files/Pods/Pods-resources.sh\"\n";
			showEnvVarsInLog = 0;
		};
		FA236E70A17BFDB1342199D9 /* Check Pods Manifest.lock */ = {
			isa = PBXShellScriptBuildPhase;
			buildActionMask = 2147483647;
			files = (
			);
			inputPaths = (
			);
			name = "Check Pods Manifest.lock";
			outputPaths = (
			);
			runOnlyForDeploymentPostprocessing = 0;
			shellPath = /bin/sh;
			shellScript = "diff \"${PODS_ROOT}/../Podfile.lock\" \"${PODS_ROOT}/Manifest.lock\" > /dev/null\nif [[ $? != 0 ]] ; then\n    cat << EOM\nerror: The sandbox is not in sync with the Podfile.lock. Run 'pod install' or update your CocoaPods installation.\nEOM\n    exit 1\nfi\n";
			showEnvVarsInLog = 0;
		};
/* End PBXShellScriptBuildPhase section */

/* Begin PBXSourcesBuildPhase section */
		22A100731CC4E44100D93B20 /* Sources */ = {
			isa = PBXSourcesBuildPhase;
			buildActionMask = 2147483647;
			files = (
				22A100821CC4E44100D93B20 /* ViewController.m in Sources */,
				22FDA16D1CD0991000340EF5 /* NJUAvatarUserDefaults.m in Sources */,
				22A100B51CC5D9FA00D93B20 /* NJUAvatarViewController.m in Sources */,
				22FDA16A1CCFC3DD00340EF5 /* NJUBadge.m in Sources */,
				22A1007F1CC4E44100D93B20 /* AppDelegate.m in Sources */,
				22A100B21CC5277200D93B20 /* NJUBadgeViewController.m in Sources */,
				22A100881CC4E44100D93B20 /* NJUAvatar.xcdatamodeld in Sources */,
				22FDA1671CCFA14600340EF5 /* NJUBadgeTableViewCell.m in Sources */,
				22FDA1641CCFA03A00340EF5 /* NJUBadgeTableViewController.m in Sources */,
				22A1007C1CC4E44100D93B20 /* main.m in Sources */,
			);
			runOnlyForDeploymentPostprocessing = 0;
		};
		22A1008F1CC4E44100D93B20 /* Sources */ = {
			isa = PBXSourcesBuildPhase;
			buildActionMask = 2147483647;
			files = (
				22A100981CC4E44100D93B20 /* NJUAvatarTests.m in Sources */,
			);
			runOnlyForDeploymentPostprocessing = 0;
		};
		22A1009A1CC4E44100D93B20 /* Sources */ = {
			isa = PBXSourcesBuildPhase;
			buildActionMask = 2147483647;
			files = (
				22A100A31CC4E44100D93B20 /* NJUAvatarUITests.m in Sources */,
			);
			runOnlyForDeploymentPostprocessing = 0;
		};
/* End PBXSourcesBuildPhase section */

/* Begin PBXTargetDependency section */
		22A100951CC4E44100D93B20 /* PBXTargetDependency */ = {
			isa = PBXTargetDependency;
			target = 22A100761CC4E44100D93B20 /* NJUAvatar */;
			targetProxy = 22A100941CC4E44100D93B20 /* PBXContainerItemProxy */;
		};
		22A100A01CC4E44100D93B20 /* PBXTargetDependency */ = {
			isa = PBXTargetDependency;
			target = 22A100761CC4E44100D93B20 /* NJUAvatar */;
			targetProxy = 22A1009F1CC4E44100D93B20 /* PBXContainerItemProxy */;
		};
/* End PBXTargetDependency section */

/* Begin PBXVariantGroup section */
		22A100831CC4E44100D93B20 /* Main.storyboard */ = {
			isa = PBXVariantGroup;
			children = (
				22A100841CC4E44100D93B20 /* Base */,
			);
			name = Main.storyboard;
			sourceTree = "<group>";
		};
		22A1008B1CC4E44100D93B20 /* LaunchScreen.storyboard */ = {
			isa = PBXVariantGroup;
			children = (
				22A1008C1CC4E44100D93B20 /* Base */,
			);
			name = LaunchScreen.storyboard;
			sourceTree = "<group>";
		};
/* End PBXVariantGroup section */

/* Begin XCBuildConfiguration section */
		22A100A51CC4E44100D93B20 /* Debug */ = {
			isa = XCBuildConfiguration;
			buildSettings = {
				ALWAYS_SEARCH_USER_PATHS = NO;
				CLANG_CXX_LANGUAGE_STANDARD = "gnu++0x";
				CLANG_CXX_LIBRARY = "libc++";
				CLANG_ENABLE_MODULES = YES;
				CLANG_ENABLE_OBJC_ARC = YES;
				CLANG_WARN_BOOL_CONVERSION = YES;
				CLANG_WARN_CONSTANT_CONVERSION = YES;
				CLANG_WARN_DIRECT_OBJC_ISA_USAGE = YES_ERROR;
				CLANG_WARN_EMPTY_BODY = YES;
				CLANG_WARN_ENUM_CONVERSION = YES;
				CLANG_WARN_INT_CONVERSION = YES;
				CLANG_WARN_OBJC_ROOT_CLASS = YES_ERROR;
				CLANG_WARN_UNREACHABLE_CODE = YES;
				CLANG_WARN__DUPLICATE_METHOD_MATCH = YES;
				"CODE_SIGN_IDENTITY[sdk=iphoneos*]" = "iPhone Developer";
				COPY_PHASE_STRIP = NO;
				DEBUG_INFORMATION_FORMAT = dwarf;
				ENABLE_STRICT_OBJC_MSGSEND = YES;
				ENABLE_TESTABILITY = YES;
				GCC_C_LANGUAGE_STANDARD = gnu99;
				GCC_DYNAMIC_NO_PIC = NO;
				GCC_NO_COMMON_BLOCKS = YES;
				GCC_OPTIMIZATION_LEVEL = 0;
				GCC_PREPROCESSOR_DEFINITIONS = (
					"DEBUG=1",
					"$(inherited)",
				);
				GCC_WARN_64_TO_32_BIT_CONVERSION = YES;
				GCC_WARN_ABOUT_RETURN_TYPE = YES_ERROR;
				GCC_WARN_UNDECLARED_SELECTOR = YES;
				GCC_WARN_UNINITIALIZED_AUTOS = YES_AGGRESSIVE;
				GCC_WARN_UNUSED_FUNCTION = YES;
				GCC_WARN_UNUSED_VARIABLE = YES;
				IPHONEOS_DEPLOYMENT_TARGET = 9.2;
				MTL_ENABLE_DEBUG_INFO = YES;
				ONLY_ACTIVE_ARCH = YES;
				SDKROOT = iphoneos;
			};
			name = Debug;
		};
		22A100A61CC4E44100D93B20 /* Release */ = {
			isa = XCBuildConfiguration;
			buildSettings = {
				ALWAYS_SEARCH_USER_PATHS = NO;
				CLANG_CXX_LANGUAGE_STANDARD = "gnu++0x";
				CLANG_CXX_LIBRARY = "libc++";
				CLANG_ENABLE_MODULES = YES;
				CLANG_ENABLE_OBJC_ARC = YES;
				CLANG_WARN_BOOL_CONVERSION = YES;
				CLANG_WARN_CONSTANT_CONVERSION = YES;
				CLANG_WARN_DIRECT_OBJC_ISA_USAGE = YES_ERROR;
				CLANG_WARN_EMPTY_BODY = YES;
				CLANG_WARN_ENUM_CONVERSION = YES;
				CLANG_WARN_INT_CONVERSION = YES;
				CLANG_WARN_OBJC_ROOT_CLASS = YES_ERROR;
				CLANG_WARN_UNREACHABLE_CODE = YES;
				CLANG_WARN__DUPLICATE_METHOD_MATCH = YES;
				"CODE_SIGN_IDENTITY[sdk=iphoneos*]" = "iPhone Developer";
				COPY_PHASE_STRIP = NO;
				DEBUG_INFORMATION_FORMAT = "dwarf-with-dsym";
				ENABLE_NS_ASSERTIONS = NO;
				ENABLE_STRICT_OBJC_MSGSEND = YES;
				GCC_C_LANGUAGE_STANDARD = gnu99;
				GCC_NO_COMMON_BLOCKS = YES;
				GCC_WARN_64_TO_32_BIT_CONVERSION = YES;
				GCC_WARN_ABOUT_RETURN_TYPE = YES_ERROR;
				GCC_WARN_UNDECLARED_SELECTOR = YES;
				GCC_WARN_UNINITIALIZED_AUTOS = YES_AGGRESSIVE;
				GCC_WARN_UNUSED_FUNCTION = YES;
				GCC_WARN_UNUSED_VARIABLE = YES;
				IPHONEOS_DEPLOYMENT_TARGET = 9.2;
				MTL_ENABLE_DEBUG_INFO = NO;
				SDKROOT = iphoneos;
				VALIDATE_PRODUCT = YES;
			};
			name = Release;
		};
		22A100A81CC4E44100D93B20 /* Debug */ = {
			isa = XCBuildConfiguration;
			baseConfigurationReference = AD0B1997B3DD9EAA2CA61B7F /* Pods.debug.xcconfig */;
			buildSettings = {
				ASSETCATALOG_COMPILER_APPICON_NAME = AppIcon;
				CODE_SIGN_IDENTITY = "iPhone Developer";
				INFOPLIST_FILE = NJUAvatar/Info.plist;
				LD_RUNPATH_SEARCH_PATHS = "$(inherited) @executable_path/Frameworks";
				PRODUCT_BUNDLE_IDENTIFIER = tanli.cn.edu.software.nju.NJUAvatar;
				PRODUCT_NAME = "$(TARGET_NAME)";
			};
			name = Debug;
		};
		22A100A91CC4E44100D93B20 /* Release */ = {
			isa = XCBuildConfiguration;
			baseConfigurationReference = 6E79B8448FA7C5FBAB3E1D1E /* Pods.release.xcconfig */;
			buildSettings = {
				ASSETCATALOG_COMPILER_APPICON_NAME = AppIcon;
				CODE_SIGN_IDENTITY = "iPhone Developer";
				INFOPLIST_FILE = NJUAvatar/Info.plist;
				LD_RUNPATH_SEARCH_PATHS = "$(inherited) @executable_path/Frameworks";
				PRODUCT_BUNDLE_IDENTIFIER = tanli.cn.edu.software.nju.NJUAvatar;
				PRODUCT_NAME = "$(TARGET_NAME)";
			};
			name = Release;
		};
		22A100AB1CC4E44100D93B20 /* Debug */ = {
			isa = XCBuildConfiguration;
			buildSettings = {
				BUNDLE_LOADER = "$(TEST_HOST)";
				INFOPLIST_FILE = NJUAvatarTests/Info.plist;
				LD_RUNPATH_SEARCH_PATHS = "$(inherited) @executable_path/Frameworks @loader_path/Frameworks";
				PRODUCT_BUNDLE_IDENTIFIER = cn.edu.software.nju.NJUAvatarTests;
				PRODUCT_NAME = "$(TARGET_NAME)";
				TEST_HOST = "$(BUILT_PRODUCTS_DIR)/NJUAvatar.app/NJUAvatar";
			};
			name = Debug;
		};
		22A100AC1CC4E44100D93B20 /* Release */ = {
			isa = XCBuildConfiguration;
			buildSettings = {
				BUNDLE_LOADER = "$(TEST_HOST)";
				INFOPLIST_FILE = NJUAvatarTests/Info.plist;
				LD_RUNPATH_SEARCH_PATHS = "$(inherited) @executable_path/Frameworks @loader_path/Frameworks";
				PRODUCT_BUNDLE_IDENTIFIER = cn.edu.software.nju.NJUAvatarTests;
				PRODUCT_NAME = "$(TARGET_NAME)";
				TEST_HOST = "$(BUILT_PRODUCTS_DIR)/NJUAvatar.app/NJUAvatar";
			};
			name = Release;
		};
		22A100AE1CC4E44100D93B20 /* Debug */ = {
			isa = XCBuildConfiguration;
			buildSettings = {
				INFOPLIST_FILE = NJUAvatarUITests/Info.plist;
				LD_RUNPATH_SEARCH_PATHS = "$(inherited) @executable_path/Frameworks @loader_path/Frameworks";
				PRODUCT_BUNDLE_IDENTIFIER = cn.edu.software.nju.NJUAvatarUITests;
				PRODUCT_NAME = "$(TARGET_NAME)";
				TEST_TARGET_NAME = NJUAvatar;
				USES_XCTRUNNER = YES;
			};
			name = Debug;
		};
		22A100AF1CC4E44100D93B20 /* Release */ = {
			isa = XCBuildConfiguration;
			buildSettings = {
				INFOPLIST_FILE = NJUAvatarUITests/Info.plist;
				LD_RUNPATH_SEARCH_PATHS = "$(inherited) @executable_path/Frameworks @loader_path/Frameworks";
				PRODUCT_BUNDLE_IDENTIFIER = cn.edu.software.nju.NJUAvatarUITests;
				PRODUCT_NAME = "$(TARGET_NAME)";
				TEST_TARGET_NAME = NJUAvatar;
				USES_XCTRUNNER = YES;
			};
			name = Release;
		};
/* End XCBuildConfiguration section */

/* Begin XCConfigurationList section */
		22A100721CC4E44100D93B20 /* Build configuration list for PBXProject "NJUAvatar" */ = {
			isa = XCConfigurationList;
			buildConfigurations = (
				22A100A51CC4E44100D93B20 /* Debug */,
				22A100A61CC4E44100D93B20 /* Release */,
			);
			defaultConfigurationIsVisible = 0;
			defaultConfigurationName = Release;
		};
		22A100A71CC4E44100D93B20 /* Build configuration list for PBXNativeTarget "NJUAvatar" */ = {
			isa = XCConfigurationList;
			buildConfigurations = (
				22A100A81CC4E44100D93B20 /* Debug */,
				22A100A91CC4E44100D93B20 /* Release */,
			);
			defaultConfigurationIsVisible = 0;
			defaultConfigurationName = Release;
		};
		22A100AA1CC4E44100D93B20 /* Build configuration list for PBXNativeTarget "NJUAvatarTests" */ = {
			isa = XCConfigurationList;
			buildConfigurations = (
				22A100AB1CC4E44100D93B20 /* Debug */,
				22A100AC1CC4E44100D93B20 /* Release */,
			);
			defaultConfigurationIsVisible = 0;
			defaultConfigurationName = Release;
		};
		22A100AD1CC4E44100D93B20 /* Build configuration list for PBXNativeTarget "NJUAvatarUITests" */ = {
			isa = XCConfigurationList;
			buildConfigurations = (
				22A100AE1CC4E44100D93B20 /* Debug */,
				22A100AF1CC4E44100D93B20 /* Release */,
			);
			defaultConfigurationIsVisible = 0;
			defaultConfigurationName = Release;
		};
/* End XCConfigurationList section */

/* Begin XCVersionGroup section */
		22A100861CC4E44100D93B20 /* NJUAvatar.xcdatamodeld */ = {
			isa = XCVersionGroup;
			children = (
				22A100871CC4E44100D93B20 /* NJUAvatar.xcdatamodel */,
			);
			currentVersion = 22A100871CC4E44100D93B20 /* NJUAvatar.xcdatamodel */;
			path = NJUAvatar.xcdatamodeld;
			sourceTree = "<group>";
			versionGroupType = wrapper.xcdatamodel;
		};
/* End XCVersionGroup section */
	};
	rootObject = 22A1006F1CC4E44100D93B20 /* Project object */;
}
